
Microsoft Visual Studio Solution File, Format Version 12.00
# Visual Studio Version 17
VisualStudioVersion = 17.12.35707.178
MinimumVisualStudioVersion = 10.0.40219.1
Project("{8BC9CEB8-8B4A-11D0-8D11-00A0C91BC942}") = "001_HelloWorld", "001_HelloWorld\001_HelloWorld.vcxproj", "{09C10652-EE50-4E3B-A77D-C63AD319A490}"
EndProject
Project("{8BC9CEB8-8B4A-11D0-8D11-00A0C91BC942}") = "002_calc", "002_calc\002_calc.vcxproj", "{ABDD6F39-2854-4EEB-B8E8-F3AF14D64215}"
EndProject
Project("{8BC9CEB8-8B4A-11D0-8D11-00A0C91BC942}") = "003_add", "003_add\003_add.vcxproj", "{E300A23C-6349-40DF-9E7A-22790DCEEB81}"
EndProject
Project("{8BC9CEB8-8B4A-11D0-8D11-00A0C91BC942}") = "004_scanf", "004_scanf\004_scanf.vcxproj", "{794C60CC-7E10-42DE-B6E7-1A4295AD4889}"
EndProject
Project("{8BC9CEB8-8B4A-11D0-8D11-00A0C91BC942}") = "005_sizeof", "005_sizeof\005_sizeof.vcxproj", "{5DB9C5B4-F80E-4709-8177-157976EEC1A6}"
EndProject
Project("{8BC9CEB8-8B4A-11D0-8D11-00A0C91BC942}") = "006_overflow", "006_overflow\006_overflow.vcxproj", "{59B1546B-0F76-45CC-B2F6-E4F9293C2AE7}"
EndProject
Project("{8BC9CEB8-8B4A-11D0-8D11-00A0C91BC942}") = "007_base", "007_base\007_base.vcxproj", "{DFBCA3FB-6916-4A5A-B605-48F84C1DA942}"
EndProject
Project("{8BC9CEB8-8B4A-11D0-8D11-00A0C91BC942}") = "008_define_const", "008_define_const\008_define_const.vcxproj", "{EF4DF40A-9F25-4B38-AC5C-3FA11D2FBC5F}"
EndProject
Project("{8BC9CEB8-8B4A-11D0-8D11-00A0C91BC942}") = "009_minSec", "009_minSec\009_minSec.vcxproj", "{94391661-80A5-431B-B041-C6927D1C4F9A}"
EndProject
Project("{8BC9CEB8-8B4A-11D0-8D11-00A0C91BC942}") = "010_assignment", "010_assignment\010_assignment.vcxproj", "{CA808AB1-912F-4244-B564-397FA50E55C5}"
EndProject
Project("{8BC9CEB8-8B4A-11D0-8D11-00A0C91BC942}") = "011_error", "011_error\011_error.vcxproj", "{B7D9EB01-1520-4391-A787-4E1D15B6A09D}"
EndProject
Project("{8BC9CEB8-8B4A-11D0-8D11-00A0C91BC942}") = "012_leapYear", "012_leapYear\012_leapYear.vcxproj", "{2637C44B-3813-44CF-8671-11081E42025F}"
EndProject
Project("{8BC9CEB8-8B4A-11D0-8D11-00A0C91BC942}") = "013_conditionalOp", "013_conditionalOp\013_conditionalOp.vcxproj", "{CD25BABC-E240-488C-BCFB-26949A8EE0BB}"
EndProject
Project("{8BC9CEB8-8B4A-11D0-8D11-00A0C91BC942}") = "014_bit", "00141_bit\00141_bit.vcxproj", "{3469E994-2126-42DE-9887-D048A0E66EAB}"
EndProject
Project("{8BC9CEB8-8B4A-11D0-8D11-00A0C91BC942}") = "015_abs", "015_abs\015_abs.vcxproj", "{FDCE4F20-DCAB-437A-B93B-7BDE8D2772A5}"
EndProject
Project("{8BC9CEB8-8B4A-11D0-8D11-00A0C91BC942}") = "016_evenOdd", "016_evenOdd\016_evenOdd.vcxproj", "{7F1186F4-C179-4DDA-8AD4-9979BB5F8DF1}"
EndProject
Project("{8BC9CEB8-8B4A-11D0-8D11-00A0C91BC942}") = "017_grade", "017_grade\017_grade.vcxproj", "{FC6564F1-9848-4CDF-9519-E19B8A0D526C}"
EndProject
Project("{8BC9CEB8-8B4A-11D0-8D11-00A0C91BC942}") = "018_char", "018_char\018_char.vcxproj", "{1ABE5358-25F2-4622-B829-B3C8F11931B6}"
EndProject
Project("{8BC9CEB8-8B4A-11D0-8D11-00A0C91BC942}") = "019_switch", "019_switch\019_switch.vcxproj", "{4E4EBA94-726E-4C80-B3F3-68CD2D273D8B}"
EndProject
Project("{8BC9CEB8-8B4A-11D0-8D11-00A0C91BC942}") = "020_monthDays", "020_monthDays\020_monthDays.vcxproj", "{EB22FFA1-3185-4A62-A5E1-ADC4F02F4F41}"
EndProject
Project("{8BC9CEB8-8B4A-11D0-8D11-00A0C91BC942}") = "021_gradeUsingSwitch", "021_gradeUsingSwitch\021_gradeUsingSwitch.vcxproj", "{8154B0D3-E1B8-48F0-B373-56DE606AB7A2}"
EndProject
Project("{8BC9CEB8-8B4A-11D0-8D11-00A0C91BC942}") = "022_calc", "022_calc\022_calc.vcxproj", "{4EB773B5-E83F-489F-BC5D-B61BFB75FAF8}"
EndProject
Project("{8BC9CEB8-8B4A-11D0-8D11-00A0C91BC942}") = "023_while", "023_while\023_while.vcxproj", "{E1A90A2B-041F-4DDC-B21D-6CA14F761F83}"
EndProject
Project("{8BC9CEB8-8B4A-11D0-8D11-00A0C91BC942}") = "024_sumOfEven", "024_sumOfEven\024_sumOfEven.vcxproj", "{96008677-9C23-4C02-96DB-66CC4DEADC35}"
EndProject
Project("{8BC9CEB8-8B4A-11D0-8D11-00A0C91BC942}") = "025_sumOfFiveInputs", "025_sumOfFiveInputs\025_sumOfFiveInputs.vcxproj", "{8624BFF5-772F-44A7-90FD-F0C6E74F2D30}"
EndProject
Project("{8BC9CEB8-8B4A-11D0-8D11-00A0C91BC942}") = "026_scoreAvg", "026_scoreAvg\026_scoreAvg.vcxproj", "{83583494-4FE4-4F26-AA1B-E1BE617FDF51}"
EndProject
Project("{8BC9CEB8-8B4A-11D0-8D11-00A0C91BC942}") = "027_Euclid", "027_Euclid\027_Euclid.vcxproj", "{4B2A2303-0CD9-42FC-9F8A-DD93D17293CA}"
EndProject
Project("{8BC9CEB8-8B4A-11D0-8D11-00A0C91BC942}") = "028_interest", "028_interest\028_interest.vcxproj", "{613A9FA5-683A-49B9-86A5-ACD8898E77B3}"
EndProject
Project("{8BC9CEB8-8B4A-11D0-8D11-00A0C91BC942}") = "029_menu", "029_menu\029_menu.vcxproj", "{33E2A780-B196-42C6-88E4-CB9CA1056233}"
EndProject
Project("{8BC9CEB8-8B4A-11D0-8D11-00A0C91BC942}") = "030_random", "030_random\030_random.vcxproj", "{708663EC-E39C-42BE-A1E9-97B8ACFB0AFA}"
EndProject
Project("{8BC9CEB8-8B4A-11D0-8D11-00A0C91BC942}") = "031_guess", "031_guess\031_guess.vcxproj", "{6CDEAB16-403E-442C-BC6C-EDF02CCEADC1}"
EndProject
Project("{8BC9CEB8-8B4A-11D0-8D11-00A0C91BC942}") = "032_for", "032_for\032_for.vcxproj", "{81D5936E-039C-4488-9329-3DE10020C04E}"
EndProject
Project("{8BC9CEB8-8B4A-11D0-8D11-00A0C91BC942}") = "033_doubleLoop", "033_doubleLoop\033_doubleLoop.vcxproj", "{8A9022E5-1C20-437B-81BD-EEAB7E16A257}"
EndProject
Project("{8BC9CEB8-8B4A-11D0-8D11-00A0C91BC942}") = "034_dice", "034_dice\034_dice.vcxproj", "{8F1B852E-7E04-4737-BF0D-3877BDE78620}"
EndProject
Project("{8BC9CEB8-8B4A-11D0-8D11-00A0C91BC942}") = "035_infinteLoop", "035_infinteLoop\035_infinteLoop.vcxproj", "{4D729004-0F05-4DE9-9D9F-50DBAEC2EDEC}"
EndProject
Project("{8BC9CEB8-8B4A-11D0-8D11-00A0C91BC942}") = "036_investment", "036_investment\036_investment.vcxproj", "{649046B5-F1AB-4C14-B6E4-A04FF304130A}"
EndProject
Project("{8BC9CEB8-8B4A-11D0-8D11-00A0C91BC942}") = "037_sqrt", "037_sqrt\037_sqrt.vcxproj", "{FBB84346-B328-4AE1-8282-415278F50CFF}"
EndProject
Project("{8BC9CEB8-8B4A-11D0-8D11-00A0C91BC942}") = "038_multiples", "038_multiples\038_multiples.vcxproj", "{B6B002A0-3E51-4FCE-B742-19973A3628F3}"
EndProject
Project("{8BC9CEB8-8B4A-11D0-8D11-00A0C91BC942}") = "039_Captial", "039_Captial\039_Captial.vcxproj", "{5D633286-7A9F-481A-88AC-D21D36798393}"
EndProject
Project("{8BC9CEB8-8B4A-11D0-8D11-00A0C91BC942}") = "040_pi", "040_pi\040_pi.vcxproj", "{B4B5EF11-E597-4F48-BE47-CD89E8DBD9F2}"
EndProject
Project("{8BC9CEB8-8B4A-11D0-8D11-00A0C91BC942}") = "041_total", "041_total\041_total.vcxproj", "{07BDA290-2A9C-4475-86DD-8C39172B2541}"
EndProject
Project("{8BC9CEB8-8B4A-11D0-8D11-00A0C91BC942}") = "042_quiz", "042_quiz\042_quiz.vcxproj", "{73A0643E-3CD9-4406-8553-02A82274EF3C}"
EndProject
Project("{8BC9CEB8-8B4A-11D0-8D11-00A0C91BC942}") = "043_gugudan", "043_gugudan\043_gugudan.vcxproj", "{80422FB5-AECE-4F5F-A3EC-0E240E640D8E}"
EndProject
Global
	GlobalSection(SolutionConfigurationPlatforms) = preSolution
		Debug|x64 = Debug|x64
		Debug|x86 = Debug|x86
		Release|x64 = Release|x64
		Release|x86 = Release|x86
	EndGlobalSection
	GlobalSection(ProjectConfigurationPlatforms) = postSolution
		{09C10652-EE50-4E3B-A77D-C63AD319A490}.Debug|x64.ActiveCfg = Debug|x64
		{09C10652-EE50-4E3B-A77D-C63AD319A490}.Debug|x64.Build.0 = Debug|x64
		{09C10652-EE50-4E3B-A77D-C63AD319A490}.Debug|x86.ActiveCfg = Debug|Win32
		{09C10652-EE50-4E3B-A77D-C63AD319A490}.Debug|x86.Build.0 = Debug|Win32
		{09C10652-EE50-4E3B-A77D-C63AD319A490}.Release|x64.ActiveCfg = Release|x64
		{09C10652-EE50-4E3B-A77D-C63AD319A490}.Release|x64.Build.0 = Release|x64
		{09C10652-EE50-4E3B-A77D-C63AD319A490}.Release|x86.ActiveCfg = Release|Win32
		{09C10652-EE50-4E3B-A77D-C63AD319A490}.Release|x86.Build.0 = Release|Win32
		{ABDD6F39-2854-4EEB-B8E8-F3AF14D64215}.Debug|x64.ActiveCfg = Debug|x64
		{ABDD6F39-2854-4EEB-B8E8-F3AF14D64215}.Debug|x64.Build.0 = Debug|x64
		{ABDD6F39-2854-4EEB-B8E8-F3AF14D64215}.Debug|x86.ActiveCfg = Debug|Win32
		{ABDD6F39-2854-4EEB-B8E8-F3AF14D64215}.Debug|x86.Build.0 = Debug|Win32
		{ABDD6F39-2854-4EEB-B8E8-F3AF14D64215}.Release|x64.ActiveCfg = Release|x64
		{ABDD6F39-2854-4EEB-B8E8-F3AF14D64215}.Release|x64.Build.0 = Release|x64
		{ABDD6F39-2854-4EEB-B8E8-F3AF14D64215}.Release|x86.ActiveCfg = Release|Win32
		{ABDD6F39-2854-4EEB-B8E8-F3AF14D64215}.Release|x86.Build.0 = Release|Win32
		{E300A23C-6349-40DF-9E7A-22790DCEEB81}.Debug|x64.ActiveCfg = Debug|x64
		{E300A23C-6349-40DF-9E7A-22790DCEEB81}.Debug|x64.Build.0 = Debug|x64
		{E300A23C-6349-40DF-9E7A-22790DCEEB81}.Debug|x86.ActiveCfg = Debug|Win32
		{E300A23C-6349-40DF-9E7A-22790DCEEB81}.Debug|x86.Build.0 = Debug|Win32
		{E300A23C-6349-40DF-9E7A-22790DCEEB81}.Release|x64.ActiveCfg = Release|x64
		{E300A23C-6349-40DF-9E7A-22790DCEEB81}.Release|x64.Build.0 = Release|x64
		{E300A23C-6349-40DF-9E7A-22790DCEEB81}.Release|x86.ActiveCfg = Release|Win32
		{E300A23C-6349-40DF-9E7A-22790DCEEB81}.Release|x86.Build.0 = Release|Win32
		{794C60CC-7E10-42DE-B6E7-1A4295AD4889}.Debug|x64.ActiveCfg = Debug|x64
		{794C60CC-7E10-42DE-B6E7-1A4295AD4889}.Debug|x64.Build.0 = Debug|x64
		{794C60CC-7E10-42DE-B6E7-1A4295AD4889}.Debug|x86.ActiveCfg = Debug|Win32
		{794C60CC-7E10-42DE-B6E7-1A4295AD4889}.Debug|x86.Build.0 = Debug|Win32
		{794C60CC-7E10-42DE-B6E7-1A4295AD4889}.Release|x64.ActiveCfg = Release|x64
		{794C60CC-7E10-42DE-B6E7-1A4295AD4889}.Release|x64.Build.0 = Release|x64
		{794C60CC-7E10-42DE-B6E7-1A4295AD4889}.Release|x86.ActiveCfg = Release|Win32
		{794C60CC-7E10-42DE-B6E7-1A4295AD4889}.Release|x86.Build.0 = Release|Win32
		{5DB9C5B4-F80E-4709-8177-157976EEC1A6}.Debug|x64.ActiveCfg = Debug|x64
		{5DB9C5B4-F80E-4709-8177-157976EEC1A6}.Debug|x64.Build.0 = Debug|x64
		{5DB9C5B4-F80E-4709-8177-157976EEC1A6}.Debug|x86.ActiveCfg = Debug|Win32
		{5DB9C5B4-F80E-4709-8177-157976EEC1A6}.Debug|x86.Build.0 = Debug|Win32
		{5DB9C5B4-F80E-4709-8177-157976EEC1A6}.Release|x64.ActiveCfg = Release|x64
		{5DB9C5B4-F80E-4709-8177-157976EEC1A6}.Release|x64.Build.0 = Release|x64
		{5DB9C5B4-F80E-4709-8177-157976EEC1A6}.Release|x86.ActiveCfg = Release|Win32
		{5DB9C5B4-F80E-4709-8177-157976EEC1A6}.Release|x86.Build.0 = Release|Win32
		{59B1546B-0F76-45CC-B2F6-E4F9293C2AE7}.Debug|x64.ActiveCfg = Debug|x64
		{59B1546B-0F76-45CC-B2F6-E4F9293C2AE7}.Debug|x64.Build.0 = Debug|x64
		{59B1546B-0F76-45CC-B2F6-E4F9293C2AE7}.Debug|x86.ActiveCfg = Debug|Win32
		{59B1546B-0F76-45CC-B2F6-E4F9293C2AE7}.Debug|x86.Build.0 = Debug|Win32
		{59B1546B-0F76-45CC-B2F6-E4F9293C2AE7}.Release|x64.ActiveCfg = Release|x64
		{59B1546B-0F76-45CC-B2F6-E4F9293C2AE7}.Release|x64.Build.0 = Release|x64
		{59B1546B-0F76-45CC-B2F6-E4F9293C2AE7}.Release|x86.ActiveCfg = Release|Win32
		{59B1546B-0F76-45CC-B2F6-E4F9293C2AE7}.Release|x86.Build.0 = Release|Win32
		{DFBCA3FB-6916-4A5A-B605-48F84C1DA942}.Debug|x64.ActiveCfg = Debug|x64
		{DFBCA3FB-6916-4A5A-B605-48F84C1DA942}.Debug|x64.Build.0 = Debug|x64
		{DFBCA3FB-6916-4A5A-B605-48F84C1DA942}.Debug|x86.ActiveCfg = Debug|Win32
		{DFBCA3FB-6916-4A5A-B605-48F84C1DA942}.Debug|x86.Build.0 = Debug|Win32
		{DFBCA3FB-6916-4A5A-B605-48F84C1DA942}.Release|x64.ActiveCfg = Release|x64
		{DFBCA3FB-6916-4A5A-B605-48F84C1DA942}.Release|x64.Build.0 = Release|x64
		{DFBCA3FB-6916-4A5A-B605-48F84C1DA942}.Release|x86.ActiveCfg = Release|Win32
		{DFBCA3FB-6916-4A5A-B605-48F84C1DA942}.Release|x86.Build.0 = Release|Win32
		{EF4DF40A-9F25-4B38-AC5C-3FA11D2FBC5F}.Debug|x64.ActiveCfg = Debug|x64
		{EF4DF40A-9F25-4B38-AC5C-3FA11D2FBC5F}.Debug|x64.Build.0 = Debug|x64
		{EF4DF40A-9F25-4B38-AC5C-3FA11D2FBC5F}.Debug|x86.ActiveCfg = Debug|Win32
		{EF4DF40A-9F25-4B38-AC5C-3FA11D2FBC5F}.Debug|x86.Build.0 = Debug|Win32
		{EF4DF40A-9F25-4B38-AC5C-3FA11D2FBC5F}.Release|x64.ActiveCfg = Release|x64
		{EF4DF40A-9F25-4B38-AC5C-3FA11D2FBC5F}.Release|x64.Build.0 = Release|x64
		{EF4DF40A-9F25-4B38-AC5C-3FA11D2FBC5F}.Release|x86.ActiveCfg = Release|Win32
		{EF4DF40A-9F25-4B38-AC5C-3FA11D2FBC5F}.Release|x86.Build.0 = Release|Win32
		{94391661-80A5-431B-B041-C6927D1C4F9A}.Debug|x64.ActiveCfg = Debug|x64
		{94391661-80A5-431B-B041-C6927D1C4F9A}.Debug|x64.Build.0 = Debug|x64
		{94391661-80A5-431B-B041-C6927D1C4F9A}.Debug|x86.ActiveCfg = Debug|Win32
		{94391661-80A5-431B-B041-C6927D1C4F9A}.Debug|x86.Build.0 = Debug|Win32
		{94391661-80A5-431B-B041-C6927D1C4F9A}.Release|x64.ActiveCfg = Release|x64
		{94391661-80A5-431B-B041-C6927D1C4F9A}.Release|x64.Build.0 = Release|x64
		{94391661-80A5-431B-B041-C6927D1C4F9A}.Release|x86.ActiveCfg = Release|Win32
		{94391661-80A5-431B-B041-C6927D1C4F9A}.Release|x86.Build.0 = Release|Win32
		{CA808AB1-912F-4244-B564-397FA50E55C5}.Debug|x64.ActiveCfg = Debug|x64
		{CA808AB1-912F-4244-B564-397FA50E55C5}.Debug|x64.Build.0 = Debug|x64
		{CA808AB1-912F-4244-B564-397FA50E55C5}.Debug|x86.ActiveCfg = Debug|Win32
		{CA808AB1-912F-4244-B564-397FA50E55C5}.Debug|x86.Build.0 = Debug|Win32
		{CA808AB1-912F-4244-B564-397FA50E55C5}.Release|x64.ActiveCfg = Release|x64
		{CA808AB1-912F-4244-B564-397FA50E55C5}.Release|x64.Build.0 = Release|x64
		{CA808AB1-912F-4244-B564-397FA50E55C5}.Release|x86.ActiveCfg = Release|Win32
		{CA808AB1-912F-4244-B564-397FA50E55C5}.Release|x86.Build.0 = Release|Win32
		{B7D9EB01-1520-4391-A787-4E1D15B6A09D}.Debug|x64.ActiveCfg = Debug|x64
		{B7D9EB01-1520-4391-A787-4E1D15B6A09D}.Debug|x64.Build.0 = Debug|x64
		{B7D9EB01-1520-4391-A787-4E1D15B6A09D}.Debug|x86.ActiveCfg = Debug|Win32
		{B7D9EB01-1520-4391-A787-4E1D15B6A09D}.Debug|x86.Build.0 = Debug|Win32
		{B7D9EB01-1520-4391-A787-4E1D15B6A09D}.Release|x64.ActiveCfg = Release|x64
		{B7D9EB01-1520-4391-A787-4E1D15B6A09D}.Release|x64.Build.0 = Release|x64
		{B7D9EB01-1520-4391-A787-4E1D15B6A09D}.Release|x86.ActiveCfg = Release|Win32
		{B7D9EB01-1520-4391-A787-4E1D15B6A09D}.Release|x86.Build.0 = Release|Win32
		{2637C44B-3813-44CF-8671-11081E42025F}.Debug|x64.ActiveCfg = Debug|x64
		{2637C44B-3813-44CF-8671-11081E42025F}.Debug|x64.Build.0 = Debug|x64
		{2637C44B-3813-44CF-8671-11081E42025F}.Debug|x86.ActiveCfg = Debug|Win32
		{2637C44B-3813-44CF-8671-11081E42025F}.Debug|x86.Build.0 = Debug|Win32
		{2637C44B-3813-44CF-8671-11081E42025F}.Release|x64.ActiveCfg = Release|x64
		{2637C44B-3813-44CF-8671-11081E42025F}.Release|x64.Build.0 = Release|x64
		{2637C44B-3813-44CF-8671-11081E42025F}.Release|x86.ActiveCfg = Release|Win32
		{2637C44B-3813-44CF-8671-11081E42025F}.Release|x86.Build.0 = Release|Win32
		{CD25BABC-E240-488C-BCFB-26949A8EE0BB}.Debug|x64.ActiveCfg = Debug|x64
		{CD25BABC-E240-488C-BCFB-26949A8EE0BB}.Debug|x64.Build.0 = Debug|x64
		{CD25BABC-E240-488C-BCFB-26949A8EE0BB}.Debug|x86.ActiveCfg = Debug|Win32
		{CD25BABC-E240-488C-BCFB-26949A8EE0BB}.Debug|x86.Build.0 = Debug|Win32
		{CD25BABC-E240-488C-BCFB-26949A8EE0BB}.Release|x64.ActiveCfg = Release|x64
		{CD25BABC-E240-488C-BCFB-26949A8EE0BB}.Release|x64.Build.0 = Release|x64
		{CD25BABC-E240-488C-BCFB-26949A8EE0BB}.Release|x86.ActiveCfg = Release|Win32
		{CD25BABC-E240-488C-BCFB-26949A8EE0BB}.Release|x86.Build.0 = Release|Win32
		{3469E994-2126-42DE-9887-D048A0E66EAB}.Debug|x64.ActiveCfg = Debug|x64
		{3469E994-2126-42DE-9887-D048A0E66EAB}.Debug|x64.Build.0 = Debug|x64
		{3469E994-2126-42DE-9887-D048A0E66EAB}.Debug|x86.ActiveCfg = Debug|Win32
		{3469E994-2126-42DE-9887-D048A0E66EAB}.Debug|x86.Build.0 = Debug|Win32
		{3469E994-2126-42DE-9887-D048A0E66EAB}.Release|x64.ActiveCfg = Release|x64
		{3469E994-2126-42DE-9887-D048A0E66EAB}.Release|x64.Build.0 = Release|x64
		{3469E994-2126-42DE-9887-D048A0E66EAB}.Release|x86.ActiveCfg = Release|Win32
		{3469E994-2126-42DE-9887-D048A0E66EAB}.Release|x86.Build.0 = Release|Win32
		{FDCE4F20-DCAB-437A-B93B-7BDE8D2772A5}.Debug|x64.ActiveCfg = Debug|x64
		{FDCE4F20-DCAB-437A-B93B-7BDE8D2772A5}.Debug|x64.Build.0 = Debug|x64
		{FDCE4F20-DCAB-437A-B93B-7BDE8D2772A5}.Debug|x86.ActiveCfg = Debug|Win32
		{FDCE4F20-DCAB-437A-B93B-7BDE8D2772A5}.Debug|x86.Build.0 = Debug|Win32
		{FDCE4F20-DCAB-437A-B93B-7BDE8D2772A5}.Release|x64.ActiveCfg = Release|x64
		{FDCE4F20-DCAB-437A-B93B-7BDE8D2772A5}.Release|x64.Build.0 = Release|x64
		{FDCE4F20-DCAB-437A-B93B-7BDE8D2772A5}.Release|x86.ActiveCfg = Release|Win32
		{FDCE4F20-DCAB-437A-B93B-7BDE8D2772A5}.Release|x86.Build.0 = Release|Win32
		{7F1186F4-C179-4DDA-8AD4-9979BB5F8DF1}.Debug|x64.ActiveCfg = Debug|x64
		{7F1186F4-C179-4DDA-8AD4-9979BB5F8DF1}.Debug|x64.Build.0 = Debug|x64
		{7F1186F4-C179-4DDA-8AD4-9979BB5F8DF1}.Debug|x86.ActiveCfg = Debug|Win32
		{7F1186F4-C179-4DDA-8AD4-9979BB5F8DF1}.Debug|x86.Build.0 = Debug|Win32
		{7F1186F4-C179-4DDA-8AD4-9979BB5F8DF1}.Release|x64.ActiveCfg = Release|x64
		{7F1186F4-C179-4DDA-8AD4-9979BB5F8DF1}.Release|x64.Build.0 = Release|x64
		{7F1186F4-C179-4DDA-8AD4-9979BB5F8DF1}.Release|x86.ActiveCfg = Release|Win32
		{7F1186F4-C179-4DDA-8AD4-9979BB5F8DF1}.Release|x86.Build.0 = Release|Win32
		{FC6564F1-9848-4CDF-9519-E19B8A0D526C}.Debug|x64.ActiveCfg = Debug|x64
		{FC6564F1-9848-4CDF-9519-E19B8A0D526C}.Debug|x64.Build.0 = Debug|x64
		{FC6564F1-9848-4CDF-9519-E19B8A0D526C}.Debug|x86.ActiveCfg = Debug|Win32
		{FC6564F1-9848-4CDF-9519-E19B8A0D526C}.Debug|x86.Build.0 = Debug|Win32
		{FC6564F1-9848-4CDF-9519-E19B8A0D526C}.Release|x64.ActiveCfg = Release|x64
		{FC6564F1-9848-4CDF-9519-E19B8A0D526C}.Release|x64.Build.0 = Release|x64
		{FC6564F1-9848-4CDF-9519-E19B8A0D526C}.Release|x86.ActiveCfg = Release|Win32
		{FC6564F1-9848-4CDF-9519-E19B8A0D526C}.Release|x86.Build.0 = Release|Win32
		{1ABE5358-25F2-4622-B829-B3C8F11931B6}.Debug|x64.ActiveCfg = Debug|x64
		{1ABE5358-25F2-4622-B829-B3C8F11931B6}.Debug|x64.Build.0 = Debug|x64
		{1ABE5358-25F2-4622-B829-B3C8F11931B6}.Debug|x86.ActiveCfg = Debug|Win32
		{1ABE5358-25F2-4622-B829-B3C8F11931B6}.Debug|x86.Build.0 = Debug|Win32
		{1ABE5358-25F2-4622-B829-B3C8F11931B6}.Release|x64.ActiveCfg = Release|x64
		{1ABE5358-25F2-4622-B829-B3C8F11931B6}.Release|x64.Build.0 = Release|x64
		{1ABE5358-25F2-4622-B829-B3C8F11931B6}.Release|x86.ActiveCfg = Release|Win32
		{1ABE5358-25F2-4622-B829-B3C8F11931B6}.Release|x86.Build.0 = Release|Win32
		{4E4EBA94-726E-4C80-B3F3-68CD2D273D8B}.Debug|x64.ActiveCfg = Debug|x64
		{4E4EBA94-726E-4C80-B3F3-68CD2D273D8B}.Debug|x64.Build.0 = Debug|x64
		{4E4EBA94-726E-4C80-B3F3-68CD2D273D8B}.Debug|x86.ActiveCfg = Debug|Win32
		{4E4EBA94-726E-4C80-B3F3-68CD2D273D8B}.Debug|x86.Build.0 = Debug|Win32
		{4E4EBA94-726E-4C80-B3F3-68CD2D273D8B}.Release|x64.ActiveCfg = Release|x64
		{4E4EBA94-726E-4C80-B3F3-68CD2D273D8B}.Release|x64.Build.0 = Release|x64
		{4E4EBA94-726E-4C80-B3F3-68CD2D273D8B}.Release|x86.ActiveCfg = Release|Win32
		{4E4EBA94-726E-4C80-B3F3-68CD2D273D8B}.Release|x86.Build.0 = Release|Win32
		{EB22FFA1-3185-4A62-A5E1-ADC4F02F4F41}.Debug|x64.ActiveCfg = Debug|x64
		{EB22FFA1-3185-4A62-A5E1-ADC4F02F4F41}.Debug|x64.Build.0 = Debug|x64
		{EB22FFA1-3185-4A62-A5E1-ADC4F02F4F41}.Debug|x86.ActiveCfg = Debug|Win32
		{EB22FFA1-3185-4A62-A5E1-ADC4F02F4F41}.Debug|x86.Build.0 = Debug|Win32
		{EB22FFA1-3185-4A62-A5E1-ADC4F02F4F41}.Release|x64.ActiveCfg = Release|x64
		{EB22FFA1-3185-4A62-A5E1-ADC4F02F4F41}.Release|x64.Build.0 = Release|x64
		{EB22FFA1-3185-4A62-A5E1-ADC4F02F4F41}.Release|x86.ActiveCfg = Release|Win32
		{EB22FFA1-3185-4A62-A5E1-ADC4F02F4F41}.Release|x86.Build.0 = Release|Win32
		{8154B0D3-E1B8-48F0-B373-56DE606AB7A2}.Debug|x64.ActiveCfg = Debug|x64
		{8154B0D3-E1B8-48F0-B373-56DE606AB7A2}.Debug|x64.Build.0 = Debug|x64
		{8154B0D3-E1B8-48F0-B373-56DE606AB7A2}.Debug|x86.ActiveCfg = Debug|Win32
		{8154B0D3-E1B8-48F0-B373-56DE606AB7A2}.Debug|x86.Build.0 = Debug|Win32
		{8154B0D3-E1B8-48F0-B373-56DE606AB7A2}.Release|x64.ActiveCfg = Release|x64
		{8154B0D3-E1B8-48F0-B373-56DE606AB7A2}.Release|x64.Build.0 = Release|x64
		{8154B0D3-E1B8-48F0-B373-56DE606AB7A2}.Release|x86.ActiveCfg = Release|Win32
		{8154B0D3-E1B8-48F0-B373-56DE606AB7A2}.Release|x86.Build.0 = Release|Win32
		{4EB773B5-E83F-489F-BC5D-B61BFB75FAF8}.Debug|x64.ActiveCfg = Debug|x64
		{4EB773B5-E83F-489F-BC5D-B61BFB75FAF8}.Debug|x64.Build.0 = Debug|x64
		{4EB773B5-E83F-489F-BC5D-B61BFB75FAF8}.Debug|x86.ActiveCfg = Debug|Win32
		{4EB773B5-E83F-489F-BC5D-B61BFB75FAF8}.Debug|x86.Build.0 = Debug|Win32
		{4EB773B5-E83F-489F-BC5D-B61BFB75FAF8}.Release|x64.ActiveCfg = Release|x64
		{4EB773B5-E83F-489F-BC5D-B61BFB75FAF8}.Release|x64.Build.0 = Release|x64
		{4EB773B5-E83F-489F-BC5D-B61BFB75FAF8}.Release|x86.ActiveCfg = Release|Win32
		{4EB773B5-E83F-489F-BC5D-B61BFB75FAF8}.Release|x86.Build.0 = Release|Win32
		{E1A90A2B-041F-4DDC-B21D-6CA14F761F83}.Debug|x64.ActiveCfg = Debug|x64
		{E1A90A2B-041F-4DDC-B21D-6CA14F761F83}.Debug|x64.Build.0 = Debug|x64
		{E1A90A2B-041F-4DDC-B21D-6CA14F761F83}.Debug|x86.ActiveCfg = Debug|Win32
		{E1A90A2B-041F-4DDC-B21D-6CA14F761F83}.Debug|x86.Build.0 = Debug|Win32
		{E1A90A2B-041F-4DDC-B21D-6CA14F761F83}.Release|x64.ActiveCfg = Release|x64
		{E1A90A2B-041F-4DDC-B21D-6CA14F761F83}.Release|x64.Build.0 = Release|x64
		{E1A90A2B-041F-4DDC-B21D-6CA14F761F83}.Release|x86.ActiveCfg = Release|Win32
		{E1A90A2B-041F-4DDC-B21D-6CA14F761F83}.Release|x86.Build.0 = Release|Win32
		{96008677-9C23-4C02-96DB-66CC4DEADC35}.Debug|x64.ActiveCfg = Debug|x64
		{96008677-9C23-4C02-96DB-66CC4DEADC35}.Debug|x64.Build.0 = Debug|x64
		{96008677-9C23-4C02-96DB-66CC4DEADC35}.Debug|x86.ActiveCfg = Debug|Win32
		{96008677-9C23-4C02-96DB-66CC4DEADC35}.Debug|x86.Build.0 = Debug|Win32
		{96008677-9C23-4C02-96DB-66CC4DEADC35}.Release|x64.ActiveCfg = Release|x64
		{96008677-9C23-4C02-96DB-66CC4DEADC35}.Release|x64.Build.0 = Release|x64
		{96008677-9C23-4C02-96DB-66CC4DEADC35}.Release|x86.ActiveCfg = Release|Win32
		{96008677-9C23-4C02-96DB-66CC4DEADC35}.Release|x86.Build.0 = Release|Win32
		{8624BFF5-772F-44A7-90FD-F0C6E74F2D30}.Debug|x64.ActiveCfg = Debug|x64
		{8624BFF5-772F-44A7-90FD-F0C6E74F2D30}.Debug|x64.Build.0 = Debug|x64
		{8624BFF5-772F-44A7-90FD-F0C6E74F2D30}.Debug|x86.ActiveCfg = Debug|Win32
		{8624BFF5-772F-44A7-90FD-F0C6E74F2D30}.Debug|x86.Build.0 = Debug|Win32
		{8624BFF5-772F-44A7-90FD-F0C6E74F2D30}.Release|x64.ActiveCfg = Release|x64
		{8624BFF5-772F-44A7-90FD-F0C6E74F2D30}.Release|x64.Build.0 = Release|x64
		{8624BFF5-772F-44A7-90FD-F0C6E74F2D30}.Release|x86.ActiveCfg = Release|Win32
		{8624BFF5-772F-44A7-90FD-F0C6E74F2D30}.Release|x86.Build.0 = Release|Win32
		{83583494-4FE4-4F26-AA1B-E1BE617FDF51}.Debug|x64.ActiveCfg = Debug|x64
		{83583494-4FE4-4F26-AA1B-E1BE617FDF51}.Debug|x64.Build.0 = Debug|x64
		{83583494-4FE4-4F26-AA1B-E1BE617FDF51}.Debug|x86.ActiveCfg = Debug|Win32
		{83583494-4FE4-4F26-AA1B-E1BE617FDF51}.Debug|x86.Build.0 = Debug|Win32
		{83583494-4FE4-4F26-AA1B-E1BE617FDF51}.Release|x64.ActiveCfg = Release|x64
		{83583494-4FE4-4F26-AA1B-E1BE617FDF51}.Release|x64.Build.0 = Release|x64
		{83583494-4FE4-4F26-AA1B-E1BE617FDF51}.Release|x86.ActiveCfg = Release|Win32
		{83583494-4FE4-4F26-AA1B-E1BE617FDF51}.Release|x86.Build.0 = Release|Win32
		{4B2A2303-0CD9-42FC-9F8A-DD93D17293CA}.Debug|x64.ActiveCfg = Debug|x64
		{4B2A2303-0CD9-42FC-9F8A-DD93D17293CA}.Debug|x64.Build.0 = Debug|x64
		{4B2A2303-0CD9-42FC-9F8A-DD93D17293CA}.Debug|x86.ActiveCfg = Debug|Win32
		{4B2A2303-0CD9-42FC-9F8A-DD93D17293CA}.Debug|x86.Build.0 = Debug|Win32
		{4B2A2303-0CD9-42FC-9F8A-DD93D17293CA}.Release|x64.ActiveCfg = Release|x64
		{4B2A2303-0CD9-42FC-9F8A-DD93D17293CA}.Release|x64.Build.0 = Release|x64
		{4B2A2303-0CD9-42FC-9F8A-DD93D17293CA}.Release|x86.ActiveCfg = Release|Win32
		{4B2A2303-0CD9-42FC-9F8A-DD93D17293CA}.Release|x86.Build.0 = Release|Win32
		{613A9FA5-683A-49B9-86A5-ACD8898E77B3}.Debug|x64.ActiveCfg = Debug|x64
		{613A9FA5-683A-49B9-86A5-ACD8898E77B3}.Debug|x64.Build.0 = Debug|x64
		{613A9FA5-683A-49B9-86A5-ACD8898E77B3}.Debug|x86.ActiveCfg = Debug|Win32
		{613A9FA5-683A-49B9-86A5-ACD8898E77B3}.Debug|x86.Build.0 = Debug|Win32
		{613A9FA5-683A-49B9-86A5-ACD8898E77B3}.Release|x64.ActiveCfg = Release|x64
		{613A9FA5-683A-49B9-86A5-ACD8898E77B3}.Release|x64.Build.0 = Release|x64
		{613A9FA5-683A-49B9-86A5-ACD8898E77B3}.Release|x86.ActiveCfg = Release|Win32
		{613A9FA5-683A-49B9-86A5-ACD8898E77B3}.Release|x86.Build.0 = Release|Win32
		{33E2A780-B196-42C6-88E4-CB9CA1056233}.Debug|x64.ActiveCfg = Debug|x64
		{33E2A780-B196-42C6-88E4-CB9CA1056233}.Debug|x64.Build.0 = Debug|x64
		{33E2A780-B196-42C6-88E4-CB9CA1056233}.Debug|x86.ActiveCfg = Debug|Win32
		{33E2A780-B196-42C6-88E4-CB9CA1056233}.Debug|x86.Build.0 = Debug|Win32
		{33E2A780-B196-42C6-88E4-CB9CA1056233}.Release|x64.ActiveCfg = Release|x64
		{33E2A780-B196-42C6-88E4-CB9CA1056233}.Release|x64.Build.0 = Release|x64
		{33E2A780-B196-42C6-88E4-CB9CA1056233}.Release|x86.ActiveCfg = Release|Win32
		{33E2A780-B196-42C6-88E4-CB9CA1056233}.Release|x86.Build.0 = Release|Win32
		{708663EC-E39C-42BE-A1E9-97B8ACFB0AFA}.Debug|x64.ActiveCfg = Debug|x64
		{708663EC-E39C-42BE-A1E9-97B8ACFB0AFA}.Debug|x64.Build.0 = Debug|x64
		{708663EC-E39C-42BE-A1E9-97B8ACFB0AFA}.Debug|x86.ActiveCfg = Debug|Win32
		{708663EC-E39C-42BE-A1E9-97B8ACFB0AFA}.Debug|x86.Build.0 = Debug|Win32
		{708663EC-E39C-42BE-A1E9-97B8ACFB0AFA}.Release|x64.ActiveCfg = Release|x64
		{708663EC-E39C-42BE-A1E9-97B8ACFB0AFA}.Release|x64.Build.0 = Release|x64
		{708663EC-E39C-42BE-A1E9-97B8ACFB0AFA}.Release|x86.ActiveCfg = Release|Win32
		{708663EC-E39C-42BE-A1E9-97B8ACFB0AFA}.Release|x86.Build.0 = Release|Win32
		{6CDEAB16-403E-442C-BC6C-EDF02CCEADC1}.Debug|x64.ActiveCfg = Debug|x64
		{6CDEAB16-403E-442C-BC6C-EDF02CCEADC1}.Debug|x64.Build.0 = Debug|x64
		{6CDEAB16-403E-442C-BC6C-EDF02CCEADC1}.Debug|x86.ActiveCfg = Debug|Win32
		{6CDEAB16-403E-442C-BC6C-EDF02CCEADC1}.Debug|x86.Build.0 = Debug|Win32
		{6CDEAB16-403E-442C-BC6C-EDF02CCEADC1}.Release|x64.ActiveCfg = Release|x64
		{6CDEAB16-403E-442C-BC6C-EDF02CCEADC1}.Release|x64.Build.0 = Release|x64
		{6CDEAB16-403E-442C-BC6C-EDF02CCEADC1}.Release|x86.ActiveCfg = Release|Win32
		{6CDEAB16-403E-442C-BC6C-EDF02CCEADC1}.Release|x86.Build.0 = Release|Win32
		{81D5936E-039C-4488-9329-3DE10020C04E}.Debug|x64.ActiveCfg = Debug|x64
		{81D5936E-039C-4488-9329-3DE10020C04E}.Debug|x64.Build.0 = Debug|x64
		{81D5936E-039C-4488-9329-3DE10020C04E}.Debug|x86.ActiveCfg = Debug|Win32
		{81D5936E-039C-4488-9329-3DE10020C04E}.Debug|x86.Build.0 = Debug|Win32
		{81D5936E-039C-4488-9329-3DE10020C04E}.Release|x64.ActiveCfg = Release|x64
		{81D5936E-039C-4488-9329-3DE10020C04E}.Release|x64.Build.0 = Release|x64
		{81D5936E-039C-4488-9329-3DE10020C04E}.Release|x86.ActiveCfg = Release|Win32
		{81D5936E-039C-4488-9329-3DE10020C04E}.Release|x86.Build.0 = Release|Win32
		{8A9022E5-1C20-437B-81BD-EEAB7E16A257}.Debug|x64.ActiveCfg = Debug|x64
		{8A9022E5-1C20-437B-81BD-EEAB7E16A257}.Debug|x64.Build.0 = Debug|x64
		{8A9022E5-1C20-437B-81BD-EEAB7E16A257}.Debug|x86.ActiveCfg = Debug|Win32
		{8A9022E5-1C20-437B-81BD-EEAB7E16A257}.Debug|x86.Build.0 = Debug|Win32
		{8A9022E5-1C20-437B-81BD-EEAB7E16A257}.Release|x64.ActiveCfg = Release|x64
		{8A9022E5-1C20-437B-81BD-EEAB7E16A257}.Release|x64.Build.0 = Release|x64
		{8A9022E5-1C20-437B-81BD-EEAB7E16A257}.Release|x86.ActiveCfg = Release|Win32
		{8A9022E5-1C20-437B-81BD-EEAB7E16A257}.Release|x86.Build.0 = Release|Win32
		{8F1B852E-7E04-4737-BF0D-3877BDE78620}.Debug|x64.ActiveCfg = Debug|x64
		{8F1B852E-7E04-4737-BF0D-3877BDE78620}.Debug|x64.Build.0 = Debug|x64
		{8F1B852E-7E04-4737-BF0D-3877BDE78620}.Debug|x86.ActiveCfg = Debug|Win32
		{8F1B852E-7E04-4737-BF0D-3877BDE78620}.Debug|x86.Build.0 = Debug|Win32
		{8F1B852E-7E04-4737-BF0D-3877BDE78620}.Release|x64.ActiveCfg = Release|x64
		{8F1B852E-7E04-4737-BF0D-3877BDE78620}.Release|x64.Build.0 = Release|x64
		{8F1B852E-7E04-4737-BF0D-3877BDE78620}.Release|x86.ActiveCfg = Release|Win32
		{8F1B852E-7E04-4737-BF0D-3877BDE78620}.Release|x86.Build.0 = Release|Win32
		{4D729004-0F05-4DE9-9D9F-50DBAEC2EDEC}.Debug|x64.ActiveCfg = Debug|x64
		{4D729004-0F05-4DE9-9D9F-50DBAEC2EDEC}.Debug|x64.Build.0 = Debug|x64
		{4D729004-0F05-4DE9-9D9F-50DBAEC2EDEC}.Debug|x86.ActiveCfg = Debug|Win32
		{4D729004-0F05-4DE9-9D9F-50DBAEC2EDEC}.Debug|x86.Build.0 = Debug|Win32
		{4D729004-0F05-4DE9-9D9F-50DBAEC2EDEC}.Release|x64.ActiveCfg = Release|x64
		{4D729004-0F05-4DE9-9D9F-50DBAEC2EDEC}.Release|x64.Build.0 = Release|x64
		{4D729004-0F05-4DE9-9D9F-50DBAEC2EDEC}.Release|x86.ActiveCfg = Release|Win32
		{4D729004-0F05-4DE9-9D9F-50DBAEC2EDEC}.Release|x86.Build.0 = Release|Win32
		{649046B5-F1AB-4C14-B6E4-A04FF304130A}.Debug|x64.ActiveCfg = Debug|x64
		{649046B5-F1AB-4C14-B6E4-A04FF304130A}.Debug|x64.Build.0 = Debug|x64
		{649046B5-F1AB-4C14-B6E4-A04FF304130A}.Debug|x86.ActiveCfg = Debug|Win32
		{649046B5-F1AB-4C14-B6E4-A04FF304130A}.Debug|x86.Build.0 = Debug|Win32
		{649046B5-F1AB-4C14-B6E4-A04FF304130A}.Release|x64.ActiveCfg = Release|x64
		{649046B5-F1AB-4C14-B6E4-A04FF304130A}.Release|x64.Build.0 = Release|x64
		{649046B5-F1AB-4C14-B6E4-A04FF304130A}.Release|x86.ActiveCfg = Release|Win32
		{649046B5-F1AB-4C14-B6E4-A04FF304130A}.Release|x86.Build.0 = Release|Win32
		{FBB84346-B328-4AE1-8282-415278F50CFF}.Debug|x64.ActiveCfg = Debug|x64
		{FBB84346-B328-4AE1-8282-415278F50CFF}.Debug|x64.Build.0 = Debug|x64
		{FBB84346-B328-4AE1-8282-415278F50CFF}.Debug|x86.ActiveCfg = Debug|Win32
		{FBB84346-B328-4AE1-8282-415278F50CFF}.Debug|x86.Build.0 = Debug|Win32
		{FBB84346-B328-4AE1-8282-415278F50CFF}.Release|x64.ActiveCfg = Release|x64
		{FBB84346-B328-4AE1-8282-415278F50CFF}.Release|x64.Build.0 = Release|x64
		{FBB84346-B328-4AE1-8282-415278F50CFF}.Release|x86.ActiveCfg = Release|Win32
		{FBB84346-B328-4AE1-8282-415278F50CFF}.Release|x86.Build.0 = Release|Win32
		{B6B002A0-3E51-4FCE-B742-19973A3628F3}.Debug|x64.ActiveCfg = Debug|x64
		{B6B002A0-3E51-4FCE-B742-19973A3628F3}.Debug|x64.Build.0 = Debug|x64
		{B6B002A0-3E51-4FCE-B742-19973A3628F3}.Debug|x86.ActiveCfg = Debug|Win32
		{B6B002A0-3E51-4FCE-B742-19973A3628F3}.Debug|x86.Build.0 = Debug|Win32
		{B6B002A0-3E51-4FCE-B742-19973A3628F3}.Release|x64.ActiveCfg = Release|x64
		{B6B002A0-3E51-4FCE-B742-19973A3628F3}.Release|x64.Build.0 = Release|x64
		{B6B002A0-3E51-4FCE-B742-19973A3628F3}.Release|x86.ActiveCfg = Release|Win32
		{B6B002A0-3E51-4FCE-B742-19973A3628F3}.Release|x86.Build.0 = Release|Win32
		{5D633286-7A9F-481A-88AC-D21D36798393}.Debug|x64.ActiveCfg = Debug|x64
		{5D633286-7A9F-481A-88AC-D21D36798393}.Debug|x64.Build.0 = Debug|x64
		{5D633286-7A9F-481A-88AC-D21D36798393}.Debug|x86.ActiveCfg = Debug|Win32
		{5D633286-7A9F-481A-88AC-D21D36798393}.Debug|x86.Build.0 = Debug|Win32
		{5D633286-7A9F-481A-88AC-D21D36798393}.Release|x64.ActiveCfg = Release|x64
		{5D633286-7A9F-481A-88AC-D21D36798393}.Release|x64.Build.0 = Release|x64
		{5D633286-7A9F-481A-88AC-D21D36798393}.Release|x86.ActiveCfg = Release|Win32
		{5D633286-7A9F-481A-88AC-D21D36798393}.Release|x86.Build.0 = Release|Win32
		{B4B5EF11-E597-4F48-BE47-CD89E8DBD9F2}.Debug|x64.ActiveCfg = Debug|x64
		{B4B5EF11-E597-4F48-BE47-CD89E8DBD9F2}.Debug|x64.Build.0 = Debug|x64
		{B4B5EF11-E597-4F48-BE47-CD89E8DBD9F2}.Debug|x86.ActiveCfg = Debug|Win32
		{B4B5EF11-E597-4F48-BE47-CD89E8DBD9F2}.Debug|x86.Build.0 = Debug|Win32
		{B4B5EF11-E597-4F48-BE47-CD89E8DBD9F2}.Release|x64.ActiveCfg = Release|x64
		{B4B5EF11-E597-4F48-BE47-CD89E8DBD9F2}.Release|x64.Build.0 = Release|x64
		{B4B5EF11-E597-4F48-BE47-CD89E8DBD9F2}.Release|x86.ActiveCfg = Release|Win32
		{B4B5EF11-E597-4F48-BE47-CD89E8DBD9F2}.Release|x86.Build.0 = Release|Win32
		{07BDA290-2A9C-4475-86DD-8C39172B2541}.Debug|x64.ActiveCfg = Debug|x64
		{07BDA290-2A9C-4475-86DD-8C39172B2541}.Debug|x64.Build.0 = Debug|x64
		{07BDA290-2A9C-4475-86DD-8C39172B2541}.Debug|x86.ActiveCfg = Debug|Win32
		{07BDA290-2A9C-4475-86DD-8C39172B2541}.Debug|x86.Build.0 = Debug|Win32
		{07BDA290-2A9C-4475-86DD-8C39172B2541}.Release|x64.ActiveCfg = Release|x64
		{07BDA290-2A9C-4475-86DD-8C39172B2541}.Release|x64.Build.0 = Release|x64
		{07BDA290-2A9C-4475-86DD-8C39172B2541}.Release|x86.ActiveCfg = Release|Win32
		{07BDA290-2A9C-4475-86DD-8C39172B2541}.Release|x86.Build.0 = Release|Win32
		{73A0643E-3CD9-4406-8553-02A82274EF3C}.Debug|x64.ActiveCfg = Debug|x64
		{73A0643E-3CD9-4406-8553-02A82274EF3C}.Debug|x64.Build.0 = Debug|x64
		{73A0643E-3CD9-4406-8553-02A82274EF3C}.Debug|x86.ActiveCfg = Debug|Win32
		{73A0643E-3CD9-4406-8553-02A82274EF3C}.Debug|x86.Build.0 = Debug|Win32
		{73A0643E-3CD9-4406-8553-02A82274EF3C}.Release|x64.ActiveCfg = Release|x64
		{73A0643E-3CD9-4406-8553-02A82274EF3C}.Release|x64.Build.0 = Release|x64
		{73A0643E-3CD9-4406-8553-02A82274EF3C}.Release|x86.ActiveCfg = Release|Win32
		{73A0643E-3CD9-4406-8553-02A82274EF3C}.Release|x86.Build.0 = Release|Win32
		{80422FB5-AECE-4F5F-A3EC-0E240E640D8E}.Debug|x64.ActiveCfg = Debug|x64
		{80422FB5-AECE-4F5F-A3EC-0E240E640D8E}.Debug|x64.Build.0 = Debug|x64
		{80422FB5-AECE-4F5F-A3EC-0E240E640D8E}.Debug|x86.ActiveCfg = Debug|Win32
		{80422FB5-AECE-4F5F-A3EC-0E240E640D8E}.Debug|x86.Build.0 = Debug|Win32
		{80422FB5-AECE-4F5F-A3EC-0E240E640D8E}.Release|x64.ActiveCfg = Release|x64
		{80422FB5-AECE-4F5F-A3EC-0E240E640D8E}.Release|x64.Build.0 = Release|x64
		{80422FB5-AECE-4F5F-A3EC-0E240E640D8E}.Release|x86.ActiveCfg = Release|Win32
		{80422FB5-AECE-4F5F-A3EC-0E240E640D8E}.Release|x86.Build.0 = Release|Win32
	EndGlobalSection
	GlobalSection(SolutionProperties) = preSolution
		HideSolutionNode = FALSE
	EndGlobalSection
EndGlobal
